
Microsoft Visual Studio Solution File, Format Version 12.00
# Visual Studio 2012
Project("{FAE04EC0-301F-11D3-BF4B-00C04F79EFBC}") = "FacebookSite", "FacebookSite\FacebookSite.csproj", "{3769F5FF-7693-4C38-8B37-1B50C82A5DDA}"
EndProject
Global
	GlobalSection(SolutionConfigurationPlatforms) = preSolution
		Debug|Any CPU = Debug|Any CPU
		Release|Any CPU = Release|Any CPU
	EndGlobalSection
	GlobalSection(ProjectConfigurationPlatforms) = postSolution
		{3769F5FF-7693-4C38-8B37-1B50C82A5DDA}.Debug|Any CPU.ActiveCfg = Debug|Any CPU
		{3769F5FF-7693-4C38-8B37-1B50C82A5DDA}.Debug|Any CPU.Build.0 = Debug|Any CPU
		{3769F5FF-7693-4C38-8B37-1B50C82A5DDA}.Release|Any CPU.ActiveCfg = Release|Any CPU
		{3769F5FF-7693-4C38-8B37-1B50C82A5DDA}.Release|Any CPU.Build.0 = Release|Any CPU
	EndGlobalSection
	GlobalSection(SolutionProperties) = preSolution
		HideSolutionNode = FALSE
	EndGlobalSection
EndGlobal
